
Microsoft Visual Studio Solution File, Format Version 12.00
# Visual Studio Version 17
VisualStudioVersion = 17.14.36511.14
MinimumVisualStudioVersion = 10.0.40219.1
Project("{FAE04EC0-301F-11D3-BF4B-00C04F79EFBC}") = "Prasalnik.Anketa", "Prasalnik.Anketa\Prasalnik.Anketa.csproj", "{EA9C516A-652C-48EA-859C-F3DA06CAC28C}"
EndProject
Project("{FAE04EC0-301F-11D3-BF4B-00C04F79EFBC}") = "Prasalnik.Domain", "Prasalnik.Domain\Prasalnik.Domain.csproj", "{E5CB294D-547E-4D32-8820-B574A58353FD}"
EndProject
Project("{FAE04EC0-301F-11D3-BF4B-00C04F79EFBC}") = "Prasalnik.DataAccess", "Prasalnik.DataAccess\Prasalnik.DataAccess.csproj", "{A1C41359-672C-4762-9128-767A7E1C1873}"
EndProject
Project("{FAE04EC0-301F-11D3-BF4B-00C04F79EFBC}") = "Prasalnik.Services", "Prasalnik.Services\Prasalnik.Services.csproj", "{B48CB91E-6AE3-4813-9540-89969BDCEE30}"
EndProject
Project("{FAE04EC0-301F-11D3-BF4B-00C04F79EFBC}") = "Prasalnik.Mappers", "Prasalnik.Mapers\Prasalnik.Mappers.csproj", "{42E4B0DF-B67B-4252-8916-C788128844DE}"
EndProject
Project("{FAE04EC0-301F-11D3-BF4B-00C04F79EFBC}") = "Prasalnik.ViewModels", "Prasalnik.ViewModels\Prasalnik.ViewModels.csproj", "{F7EA3E26-A825-42A0-A90D-6A0FAB1D37B4}"
EndProject
Global
	GlobalSection(SolutionConfigurationPlatforms) = preSolution
		Debug|Any CPU = Debug|Any CPU
		Release|Any CPU = Release|Any CPU
	EndGlobalSection
	GlobalSection(ProjectConfigurationPlatforms) = postSolution
		{EA9C516A-652C-48EA-859C-F3DA06CAC28C}.Debug|Any CPU.ActiveCfg = Debug|Any CPU
		{EA9C516A-652C-48EA-859C-F3DA06CAC28C}.Debug|Any CPU.Build.0 = Debug|Any CPU
		{EA9C516A-652C-48EA-859C-F3DA06CAC28C}.Release|Any CPU.ActiveCfg = Release|Any CPU
		{EA9C516A-652C-48EA-859C-F3DA06CAC28C}.Release|Any CPU.Build.0 = Release|Any CPU
		{E5CB294D-547E-4D32-8820-B574A58353FD}.Debug|Any CPU.ActiveCfg = Debug|Any CPU
		{E5CB294D-547E-4D32-8820-B574A58353FD}.Debug|Any CPU.Build.0 = Debug|Any CPU
		{E5CB294D-547E-4D32-8820-B574A58353FD}.Release|Any CPU.ActiveCfg = Release|Any CPU
		{E5CB294D-547E-4D32-8820-B574A58353FD}.Release|Any CPU.Build.0 = Release|Any CPU
		{A1C41359-672C-4762-9128-767A7E1C1873}.Debug|Any CPU.ActiveCfg = Debug|Any CPU
		{A1C41359-672C-4762-9128-767A7E1C1873}.Debug|Any CPU.Build.0 = Debug|Any CPU
		{A1C41359-672C-4762-9128-767A7E1C1873}.Release|Any CPU.ActiveCfg = Release|Any CPU
		{A1C41359-672C-4762-9128-767A7E1C1873}.Release|Any CPU.Build.0 = Release|Any CPU
		{B48CB91E-6AE3-4813-9540-89969BDCEE30}.Debug|Any CPU.ActiveCfg = Debug|Any CPU
		{B48CB91E-6AE3-4813-9540-89969BDCEE30}.Debug|Any CPU.Build.0 = Debug|Any CPU
		{B48CB91E-6AE3-4813-9540-89969BDCEE30}.Release|Any CPU.ActiveCfg = Release|Any CPU
		{B48CB91E-6AE3-4813-9540-89969BDCEE30}.Release|Any CPU.Build.0 = Release|Any CPU
		{42E4B0DF-B67B-4252-8916-C788128844DE}.Debug|Any CPU.ActiveCfg = Debug|Any CPU
		{42E4B0DF-B67B-4252-8916-C788128844DE}.Debug|Any CPU.Build.0 = Debug|Any CPU
		{42E4B0DF-B67B-4252-8916-C788128844DE}.Release|Any CPU.ActiveCfg = Release|Any CPU
		{42E4B0DF-B67B-4252-8916-C788128844DE}.Release|Any CPU.Build.0 = Release|Any CPU
		{F7EA3E26-A825-42A0-A90D-6A0FAB1D37B4}.Debug|Any CPU.ActiveCfg = Debug|Any CPU
		{F7EA3E26-A825-42A0-A90D-6A0FAB1D37B4}.Debug|Any CPU.Build.0 = Debug|Any CPU
		{F7EA3E26-A825-42A0-A90D-6A0FAB1D37B4}.Release|Any CPU.ActiveCfg = Release|Any CPU
		{F7EA3E26-A825-42A0-A90D-6A0FAB1D37B4}.Release|Any CPU.Build.0 = Release|Any CPU
	EndGlobalSection
	GlobalSection(SolutionProperties) = preSolution
		HideSolutionNode = FALSE
	EndGlobalSection
	GlobalSection(ExtensibilityGlobals) = postSolution
		SolutionGuid = {CAB98953-5FFB-4782-B83D-585933DB5A9D}
	EndGlobalSection
EndGlobal
