
Microsoft Visual Studio Solution File, Format Version 12.00
# Visual Studio Version 17
VisualStudioVersion = 17.14.36429.23 d17.14
MinimumVisualStudioVersion = 10.0.40219.1
Project("{FAE04EC0-301F-11D3-BF4B-00C04F79EFBC}") = "Evaluation", "Evaluation\Evaluation.csproj", "{3D730725-8C71-42EE-B2BF-D0985AD219F5}"
EndProject
Project("{FAE04EC0-301F-11D3-BF4B-00C04F79EFBC}") = "Domain", "Domain\Domain.csproj", "{B32979A2-BCA9-4A37-9F88-F70C31D2D847}"
EndProject
Project("{FAE04EC0-301F-11D3-BF4B-00C04F79EFBC}") = "DataAccess", "DataAccess\DataAccess.csproj", "{E7881418-63B3-4077-9722-C6FCDC04397D}"
EndProject
Project("{FAE04EC0-301F-11D3-BF4B-00C04F79EFBC}") = "Services", "Services\Services.csproj", "{814A1B8C-1EE7-4FEF-A590-1A8B5A4D6C5B}"
EndProject
Global
	GlobalSection(SolutionConfigurationPlatforms) = preSolution
		Debug|Any CPU = Debug|Any CPU
		Release|Any CPU = Release|Any CPU
	EndGlobalSection
	GlobalSection(ProjectConfigurationPlatforms) = postSolution
		{3D730725-8C71-42EE-B2BF-D0985AD219F5}.Debug|Any CPU.ActiveCfg = Debug|Any CPU
		{3D730725-8C71-42EE-B2BF-D0985AD219F5}.Debug|Any CPU.Build.0 = Debug|Any CPU
		{3D730725-8C71-42EE-B2BF-D0985AD219F5}.Release|Any CPU.ActiveCfg = Release|Any CPU
		{3D730725-8C71-42EE-B2BF-D0985AD219F5}.Release|Any CPU.Build.0 = Release|Any CPU
		{B32979A2-BCA9-4A37-9F88-F70C31D2D847}.Debug|Any CPU.ActiveCfg = Debug|Any CPU
		{B32979A2-BCA9-4A37-9F88-F70C31D2D847}.Debug|Any CPU.Build.0 = Debug|Any CPU
		{B32979A2-BCA9-4A37-9F88-F70C31D2D847}.Release|Any CPU.ActiveCfg = Release|Any CPU
		{B32979A2-BCA9-4A37-9F88-F70C31D2D847}.Release|Any CPU.Build.0 = Release|Any CPU
		{E7881418-63B3-4077-9722-C6FCDC04397D}.Debug|Any CPU.ActiveCfg = Debug|Any CPU
		{E7881418-63B3-4077-9722-C6FCDC04397D}.Debug|Any CPU.Build.0 = Debug|Any CPU
		{E7881418-63B3-4077-9722-C6FCDC04397D}.Release|Any CPU.ActiveCfg = Release|Any CPU
		{E7881418-63B3-4077-9722-C6FCDC04397D}.Release|Any CPU.Build.0 = Release|Any CPU
		{814A1B8C-1EE7-4FEF-A590-1A8B5A4D6C5B}.Debug|Any CPU.ActiveCfg = Debug|Any CPU
		{814A1B8C-1EE7-4FEF-A590-1A8B5A4D6C5B}.Debug|Any CPU.Build.0 = Debug|Any CPU
		{814A1B8C-1EE7-4FEF-A590-1A8B5A4D6C5B}.Release|Any CPU.ActiveCfg = Release|Any CPU
		{814A1B8C-1EE7-4FEF-A590-1A8B5A4D6C5B}.Release|Any CPU.Build.0 = Release|Any CPU
	EndGlobalSection
	GlobalSection(SolutionProperties) = preSolution
		HideSolutionNode = FALSE
	EndGlobalSection
	GlobalSection(ExtensibilityGlobals) = postSolution
		SolutionGuid = {93A3C508-7BC0-4CF0-807C-D3A2113D2959}
	EndGlobalSection
EndGlobal
