
Microsoft Visual Studio Solution File, Format Version 12.00
# Visual Studio Version 17
VisualStudioVersion = 17.14.36429.23
MinimumVisualStudioVersion = 10.0.40219.1
Project("{FAE04EC0-301F-11D3-BF4B-00C04F79EFBC}") = "Lamazon.Web", "Lamazon.Web\Lamazon.Web.csproj", "{9800FAF1-55CF-4967-B851-847DE4CC7EEC}"
EndProject
Project("{FAE04EC0-301F-11D3-BF4B-00C04F79EFBC}") = "Lamazon.DataAccess", "Lamazon.DataAccess\Lamazon.DataAccess.csproj", "{6B17A011-2496-49F3-AC4D-02F77631C0C2}"
EndProject
Project("{FAE04EC0-301F-11D3-BF4B-00C04F79EFBC}") = "Lamazon.Entities", "Lamazon.Entities\Lamazon.Entities.csproj", "{B507627B-417F-4A5D-9D52-03FD46A0CC6B}"
EndProject
Project("{FAE04EC0-301F-11D3-BF4B-00C04F79EFBC}") = "Lamazon.Services", "Lamazon.Services\Lamazon.Services.csproj", "{34D7814E-41B3-429F-8C20-1E86908B3C4A}"
EndProject
Project("{FAE04EC0-301F-11D3-BF4B-00C04F79EFBC}") = "Lamazon.ViewModels", "Lamazon.ViewModels\Lamazon.ViewModels.csproj", "{C67E18C3-9851-4768-8394-CFE1733120F3}"
EndProject
Global
	GlobalSection(SolutionConfigurationPlatforms) = preSolution
		Debug|Any CPU = Debug|Any CPU
		Release|Any CPU = Release|Any CPU
	EndGlobalSection
	GlobalSection(ProjectConfigurationPlatforms) = postSolution
		{9800FAF1-55CF-4967-B851-847DE4CC7EEC}.Debug|Any CPU.ActiveCfg = Debug|Any CPU
		{9800FAF1-55CF-4967-B851-847DE4CC7EEC}.Debug|Any CPU.Build.0 = Debug|Any CPU
		{9800FAF1-55CF-4967-B851-847DE4CC7EEC}.Release|Any CPU.ActiveCfg = Release|Any CPU
		{9800FAF1-55CF-4967-B851-847DE4CC7EEC}.Release|Any CPU.Build.0 = Release|Any CPU
		{6B17A011-2496-49F3-AC4D-02F77631C0C2}.Debug|Any CPU.ActiveCfg = Debug|Any CPU
		{6B17A011-2496-49F3-AC4D-02F77631C0C2}.Debug|Any CPU.Build.0 = Debug|Any CPU
		{6B17A011-2496-49F3-AC4D-02F77631C0C2}.Release|Any CPU.ActiveCfg = Release|Any CPU
		{6B17A011-2496-49F3-AC4D-02F77631C0C2}.Release|Any CPU.Build.0 = Release|Any CPU
		{B507627B-417F-4A5D-9D52-03FD46A0CC6B}.Debug|Any CPU.ActiveCfg = Debug|Any CPU
		{B507627B-417F-4A5D-9D52-03FD46A0CC6B}.Debug|Any CPU.Build.0 = Debug|Any CPU
		{B507627B-417F-4A5D-9D52-03FD46A0CC6B}.Release|Any CPU.ActiveCfg = Release|Any CPU
		{B507627B-417F-4A5D-9D52-03FD46A0CC6B}.Release|Any CPU.Build.0 = Release|Any CPU
		{34D7814E-41B3-429F-8C20-1E86908B3C4A}.Debug|Any CPU.ActiveCfg = Debug|Any CPU
		{34D7814E-41B3-429F-8C20-1E86908B3C4A}.Debug|Any CPU.Build.0 = Debug|Any CPU
		{34D7814E-41B3-429F-8C20-1E86908B3C4A}.Release|Any CPU.ActiveCfg = Release|Any CPU
		{34D7814E-41B3-429F-8C20-1E86908B3C4A}.Release|Any CPU.Build.0 = Release|Any CPU
		{C67E18C3-9851-4768-8394-CFE1733120F3}.Debug|Any CPU.ActiveCfg = Debug|Any CPU
		{C67E18C3-9851-4768-8394-CFE1733120F3}.Debug|Any CPU.Build.0 = Debug|Any CPU
		{C67E18C3-9851-4768-8394-CFE1733120F3}.Release|Any CPU.ActiveCfg = Release|Any CPU
		{C67E18C3-9851-4768-8394-CFE1733120F3}.Release|Any CPU.Build.0 = Release|Any CPU
	EndGlobalSection
	GlobalSection(SolutionProperties) = preSolution
		HideSolutionNode = FALSE
	EndGlobalSection
	GlobalSection(ExtensibilityGlobals) = postSolution
		SolutionGuid = {18987B1D-494E-49FA-B318-9E4312D697D8}
	EndGlobalSection
EndGlobal
